
Microsoft Visual Studio Solution File, Format Version 12.00
# Visual Studio 2013
VisualStudioVersion = 12.0.21005.1
MinimumVisualStudioVersion = 10.0.40219.1
Project("{2150E333-8FDC-42A3-9474-1A3956D46DE8}") = "Solution Items", "Solution Items", "{F221C66D-0899-4908-9C8C-FBB5739870A4}"
	ProjectSection(SolutionItems) = preProject
		background.html = background.html
		ctripCorp.png = ctripCorp.png
		manifest.json = manifest.json
		options.html = options.html
		webServiceText.html = webServiceText.html
	EndProjectSection
EndProject
Project("{2150E333-8FDC-42A3-9474-1A3956D46DE8}") = "images", "images", "{ADDFF9CB-73F6-40B2-8E04-956BAD416437}"
	ProjectSection(SolutionItems) = preProject
		images\closeCasoLogin.png = images\closeCasoLogin.png
		images\closeDialogDepartment.png = images\closeDialogDepartment.png
		images\closeMessageBox.png = images\closeMessageBox.png
	EndProjectSection
EndProject
Project("{2150E333-8FDC-42A3-9474-1A3956D46DE8}") = "js", "js", "{5231531E-D93F-4634-8751-782F2DA8FE8A}"
	ProjectSection(SolutionItems) = preProject
		js\background.js = js\background.js
		js\fastToOffline.js = js\fastToOffline.js
		js\getCurPageContext.js = js\getCurPageContext.js
		js\jquery-1.10.2.min.js = js\jquery-1.10.2.min.js
		js\optionEvents.js = js\optionEvents.js
		js\selectorHelper.js = js\selectorHelper.js
		js\setPluginStatus.js = js\setPluginStatus.js
		js\util.js = js\util.js
		js\webServiceText.js = js\webServiceText.js
	EndProjectSection
EndProject
Global
	GlobalSection(SolutionProperties) = preSolution
		HideSolutionNode = FALSE
	EndGlobalSection
	GlobalSection(NestedProjects) = preSolution
		{ADDFF9CB-73F6-40B2-8E04-956BAD416437} = {F221C66D-0899-4908-9C8C-FBB5739870A4}
		{5231531E-D93F-4634-8751-782F2DA8FE8A} = {F221C66D-0899-4908-9C8C-FBB5739870A4}
	EndGlobalSection
EndGlobal
